
Microsoft Visual Studio Solution File, Format Version 12.00
# Visual Studio 15
VisualStudioVersion = 15.0.26730.15
MinimumVisualStudioVersion = 10.0.40219.1
Project("{FAE04EC0-301F-11D3-BF4B-00C04F79EFBC}") = "IntelBot", "IntelBot\IntelBot.csproj", "{16A753B1-E6E9-434C-97D4-D67ACCC1C232}"
EndProject
Global
	GlobalSection(SolutionConfigurationPlatforms) = preSolution
		Debug|Any CPU = Debug|Any CPU
		Release|Any CPU = Release|Any CPU
	EndGlobalSection
	GlobalSection(ProjectConfigurationPlatforms) = postSolution
		{16A753B1-E6E9-434C-97D4-D67ACCC1C232}.Debug|Any CPU.ActiveCfg = Debug|Any CPU
		{16A753B1-E6E9-434C-97D4-D67ACCC1C232}.Debug|Any CPU.Build.0 = Debug|Any CPU
		{16A753B1-E6E9-434C-97D4-D67ACCC1C232}.Release|Any CPU.ActiveCfg = Release|Any CPU
		{16A753B1-E6E9-434C-97D4-D67ACCC1C232}.Release|Any CPU.Build.0 = Release|Any CPU
	EndGlobalSection
	GlobalSection(SolutionProperties) = preSolution
		HideSolutionNode = FALSE
	EndGlobalSection
	GlobalSection(ExtensibilityGlobals) = postSolution
		SolutionGuid = {2BD9B2ED-5228-4BC1-BFB5-65FAB917DE70}
	EndGlobalSection
EndGlobal
